github.com/OrtheSnowJames/jtl v1.0.6 h1:6HEFZgDfOPPPYZoicvFo8/KHMW2Si6s2oIRqnOPxWuw=
github.com/OrtheSnowJames/jtl v1.0.6/go.mod h1:rV5klJT+5szlaif1kkpZTYblmZwNmHtge/c9DQ4W1lY=
github.com/veandco/go-sdl2 v0.4.38 h1:lx8syOA2ccXlgViYkQe2Kn/4xt+p9mdd1Qc/yYMrmSo=
github.com/veandco/go-sdl2 v0.4.38/go.mod h1:OROqMhHD43nT4/i9crJukyVecjPNYYuCofep6SNiAjY=
github.com/yuin/gopher-lua v1.1.1 h1:kYKnWBjvbNP4XLT3+bPEwAXJx262OhaHDWDVOPjL46M=
github.com/yuin/gopher-lua v1.1.1/go.mod h1:GBR0iDaNXjAgGg9zfCvksxSRnQx76gclCIb7kdAd1Pw=
